
Microsoft Visual Studio Solution File, Format Version 12.00
# Visual Studio Version 17
VisualStudioVersion = 17.0.31903.59
MinimumVisualStudioVersion = 10.0.40219.1
Project("{2150E333-8FDC-42A3-9474-1A3956D46DE8}") = "src", "src", "{827E0CD3-B72D-47B6-A68D-7590B98EB39B}"
EndProject
Project("{FAE04EC0-301F-11D3-BF4B-00C04F79EFBC}") = "VibrationDashboard", "src\VibrationDashboard\VibrationDashboard.csproj", "{A1B95196-9791-43CA-91AE-2E04F4773636}"
EndProject
Project("{2150E333-8FDC-42A3-9474-1A3956D46DE8}") = "tools", "tools", "{07C2787E-EAC7-C090-1BA3-A61EC2A24D84}"
EndProject
Project("{FAE04EC0-301F-11D3-BF4B-00C04F79EFBC}") = "SeedDataGenerator", "tools\SeedDataGenerator\SeedDataGenerator.csproj", "{8C1928AC-3996-41A3-95A1-5BC2E3A3B69B}"
EndProject
Project("{FAE04EC0-301F-11D3-BF4B-00C04F79EFBC}") = "VibrationDashboard.Tests", "tests\VibrationDashboard.Tests\VibrationDashboard.Tests.csproj", "{0870C8DF-66F6-44B6-B8FB-DDF799A8775C}"
EndProject
Global
	GlobalSection(SolutionConfigurationPlatforms) = preSolution
		Debug|Any CPU = Debug|Any CPU
		Debug|x64 = Debug|x64
		Debug|x86 = Debug|x86
		Release|Any CPU = Release|Any CPU
		Release|x64 = Release|x64
		Release|x86 = Release|x86
	EndGlobalSection
	GlobalSection(ProjectConfigurationPlatforms) = postSolution
		{A1B95196-9791-43CA-91AE-2E04F4773636}.Debug|Any CPU.ActiveCfg = Debug|Any CPU
		{A1B95196-9791-43CA-91AE-2E04F4773636}.Debug|Any CPU.Build.0 = Debug|Any CPU
		{A1B95196-9791-43CA-91AE-2E04F4773636}.Debug|x64.ActiveCfg = Debug|Any CPU
		{A1B95196-9791-43CA-91AE-2E04F4773636}.Debug|x64.Build.0 = Debug|Any CPU
		{A1B95196-9791-43CA-91AE-2E04F4773636}.Debug|x86.ActiveCfg = Debug|Any CPU
		{A1B95196-9791-43CA-91AE-2E04F4773636}.Debug|x86.Build.0 = Debug|Any CPU
		{A1B95196-9791-43CA-91AE-2E04F4773636}.Release|Any CPU.ActiveCfg = Release|Any CPU
		{A1B95196-9791-43CA-91AE-2E04F4773636}.Release|Any CPU.Build.0 = Release|Any CPU
		{A1B95196-9791-43CA-91AE-2E04F4773636}.Release|x64.ActiveCfg = Release|Any CPU
		{A1B95196-9791-43CA-91AE-2E04F4773636}.Release|x64.Build.0 = Release|Any CPU
		{A1B95196-9791-43CA-91AE-2E04F4773636}.Release|x86.ActiveCfg = Release|Any CPU
		{A1B95196-9791-43CA-91AE-2E04F4773636}.Release|x86.Build.0 = Release|Any CPU
		{8C1928AC-3996-41A3-95A1-5BC2E3A3B69B}.Debug|Any CPU.ActiveCfg = Debug|Any CPU
		{8C1928AC-3996-41A3-95A1-5BC2E3A3B69B}.Debug|Any CPU.Build.0 = Debug|Any CPU
		{8C1928AC-3996-41A3-95A1-5BC2E3A3B69B}.Debug|x64.ActiveCfg = Debug|Any CPU
		{8C1928AC-3996-41A3-95A1-5BC2E3A3B69B}.Debug|x64.Build.0 = Debug|Any CPU
		{8C1928AC-3996-41A3-95A1-5BC2E3A3B69B}.Debug|x86.ActiveCfg = Debug|Any CPU
		{8C1928AC-3996-41A3-95A1-5BC2E3A3B69B}.Debug|x86.Build.0 = Debug|Any CPU
		{8C1928AC-3996-41A3-95A1-5BC2E3A3B69B}.Release|Any CPU.ActiveCfg = Release|Any CPU
		{8C1928AC-3996-41A3-95A1-5BC2E3A3B69B}.Release|Any CPU.Build.0 = Release|Any CPU
		{8C1928AC-3996-41A3-95A1-5BC2E3A3B69B}.Release|x64.ActiveCfg = Release|Any CPU
		{8C1928AC-3996-41A3-95A1-5BC2E3A3B69B}.Release|x64.Build.0 = Release|Any CPU
		{8C1928AC-3996-41A3-95A1-5BC2E3A3B69B}.Release|x86.ActiveCfg = Release|Any CPU
		{8C1928AC-3996-41A3-95A1-5BC2E3A3B69B}.Release|x86.Build.0 = Release|Any CPU
		{0870C8DF-66F6-44B6-B8FB-DDF799A8775C}.Debug|Any CPU.ActiveCfg = Debug|Any CPU
		{0870C8DF-66F6-44B6-B8FB-DDF799A8775C}.Debug|Any CPU.Build.0 = Debug|Any CPU
		{0870C8DF-66F6-44B6-B8FB-DDF799A8775C}.Debug|x64.ActiveCfg = Debug|Any CPU
		{0870C8DF-66F6-44B6-B8FB-DDF799A8775C}.Debug|x64.Build.0 = Debug|Any CPU
		{0870C8DF-66F6-44B6-B8FB-DDF799A8775C}.Debug|x86.ActiveCfg = Debug|Any CPU
		{0870C8DF-66F6-44B6-B8FB-DDF799A8775C}.Debug|x86.Build.0 = Debug|Any CPU
		{0870C8DF-66F6-44B6-B8FB-DDF799A8775C}.Release|Any CPU.ActiveCfg = Release|Any CPU
		{0870C8DF-66F6-44B6-B8FB-DDF799A8775C}.Release|Any CPU.Build.0 = Release|Any CPU
		{0870C8DF-66F6-44B6-B8FB-DDF799A8775C}.Release|x64.ActiveCfg = Release|Any CPU
		{0870C8DF-66F6-44B6-B8FB-DDF799A8775C}.Release|x64.Build.0 = Release|Any CPU
		{0870C8DF-66F6-44B6-B8FB-DDF799A8775C}.Release|x86.ActiveCfg = Release|Any CPU
		{0870C8DF-66F6-44B6-B8FB-DDF799A8775C}.Release|x86.Build.0 = Release|Any CPU
	EndGlobalSection
	GlobalSection(SolutionProperties) = preSolution
		HideSolutionNode = FALSE
	EndGlobalSection
	GlobalSection(NestedProjects) = preSolution
		{A1B95196-9791-43CA-91AE-2E04F4773636} = {827E0CD3-B72D-47B6-A68D-7590B98EB39B}
		{8C1928AC-3996-41A3-95A1-5BC2E3A3B69B} = {07C2787E-EAC7-C090-1BA3-A61EC2A24D84}
		{0870C8DF-66F6-44B6-B8FB-DDF799A8775C} = {07C2787E-EAC7-C090-1BA3-A61EC2A24D84}
	EndGlobalSection
EndGlobal
